// !$*UTF8*$!
{
	archiveVersion = 1;
	classes = {
	};
	objectVersion = 48;
	objects = {

/* Begin PBXBuildFile section */
		2D478D1C204F2B780059A57C /* TPPhotoEditor.framework in Frameworks */ = {isa = PBXBuildFile; fileRef = 2D478D1B204F2B670059A57C /* TPPhotoEditor.framework */; };
		2D478D1D204F2B780059A57C /* TPPhotoEditor.framework in Embed Frameworks */ = {isa = PBXBuildFile; fileRef = 2D478D1B204F2B670059A57C /* TPPhotoEditor.framework */; settings = {ATTRIBUTES = (CodeSignOnCopy, RemoveHeadersOnCopy, ); }; };
		2DDDD730204F262700DAA266 /* AppDelegate.swift in Sources */ = {isa = PBXBuildFile; fileRef = 2DDDD72F204F262700DAA266 /* AppDelegate.swift */; };
		2DDDD732204F262700DAA266 /* ViewController.swift in Sources */ = {isa = PBXBuildFile; fileRef = 2DDDD731204F262700DAA266 /* ViewController.swift */; };
		2DDDD735204F262700DAA266 /* Main.storyboard in Resources */ = {isa = PBXBuildFile; fileRef = 2DDDD733204F262700DAA266 /* Main.storyboard */; };
		2DDDD737204F262700DAA266 /* Assets.xcassets in Resources */ = {isa = PBXBuildFile; fileRef = 2DDDD736204F262700DAA266 /* Assets.xcassets */; };
		2DDDD73A204F262700DAA266 /* LaunchScreen.storyboard in Resources */ = {isa = PBXBuildFile; fileRef = 2DDDD738204F262700DAA266 /* LaunchScreen.storyboard */; };
/* End PBXBuildFile section */

/* Begin PBXContainerItemProxy section */
		2D478D1A204F2B670059A57C /* PBXContainerItemProxy */ = {
			isa = PBXContainerItemProxy;
			containerPortal = 2D478D16204F2B670059A57C /* TPPhotoEditor.xcodeproj */;
			proxyType = 2;
			remoteGlobalIDString = 2DDDD718204F234C00DAA266;
			remoteInfo = TPPhotoEditor;
		};
		2D478D1E204F2B780059A57C /* PBXContainerItemProxy */ = {
			isa = PBXContainerItemProxy;
			containerPortal = 2D478D16204F2B670059A57C /* TPPhotoEditor.xcodeproj */;
			proxyType = 1;
			remoteGlobalIDString = 2DDDD717204F234C00DAA266;
			remoteInfo = TPPhotoEditor;
		};
/* End PBXContainerItemProxy section */

/* Begin PBXCopyFilesBuildPhase section */
		2D478D20204F2B780059A57C /* Embed Frameworks */ = {
			isa = PBXCopyFilesBuildPhase;
			buildActionMask = 2147483647;
			dstPath = "";
			dstSubfolderSpec = 10;
			files = (
				2D478D1D204F2B780059A57C /* TPPhotoEditor.framework in Embed Frameworks */,
			);
			name = "Embed Frameworks";
			runOnlyForDeploymentPostprocessing = 0;
		};
/* End PBXCopyFilesBuildPhase section */

/* Begin PBXFileReference section */
		2D478D16204F2B670059A57C /* TPPhotoEditor.xcodeproj */ = {isa = PBXFileReference; lastKnownFileType = "wrapper.pb-project"; name = TPPhotoEditor.xcodeproj; path = ../TPPhotoEditor.xcodeproj; sourceTree = "<group>"; };
		2DDDD72C204F262700DAA266 /* TPPhotoEditorExample.app */ = {isa = PBXFileReference; explicitFileType = wrapper.application; includeInIndex = 0; path = TPPhotoEditorExample.app; sourceTree = BUILT_PRODUCTS_DIR; };
		2DDDD72F204F262700DAA266 /* AppDelegate.swift */ = {isa = PBXFileReference; lastKnownFileType = sourcecode.swift; path = AppDelegate.swift; sourceTree = "<group>"; };
		2DDDD731204F262700DAA266 /* ViewController.swift */ = {isa = PBXFileReference; lastKnownFileType = sourcecode.swift; path = ViewController.swift; sourceTree = "<group>"; };
		2DDDD734204F262700DAA266 /* Base */ = {isa = PBXFileReference; lastKnownFileType = file.storyboard; name = Base; path = Base.lproj/Main.storyboard; sourceTree = "<group>"; };
		2DDDD736204F262700DAA266 /* Assets.xcassets */ = {isa = PBXFileReference; lastKnownFileType = folder.assetcatalog; path = Assets.xcassets; sourceTree = "<group>"; };
		2DDDD739204F262700DAA266 /* Base */ = {isa = PBXFileReference; lastKnownFileType = file.storyboard; name = Base; path = Base.lproj/LaunchScreen.storyboard; sourceTree = "<group>"; };
		2DDDD73B204F262700DAA266 /* Info.plist */ = {isa = PBXFileReference; lastKnownFileType = text.plist.xml; path = Info.plist; sourceTree = "<group>"; };
/* End PBXFileReference section */

/* Begin PBXFrameworksBuildPhase section */
		2DDDD729204F262700DAA266 /* Frameworks */ = {
			isa = PBXFrameworksBuildPhase;
			buildActionMask = 2147483647;
			files = (
				2D478D1C204F2B780059A57C /* TPPhotoEditor.framework in Frameworks */,
			);
			runOnlyForDeploymentPostprocessing = 0;
		};
/* End PBXFrameworksBuildPhase section */

/* Begin PBXGroup section */
		2D478D17204F2B670059A57C /* Products */ = {
			isa = PBXGroup;
			children = (
				2D478D1B204F2B670059A57C /* TPPhotoEditor.framework */,
			);
			name = Products;
			sourceTree = "<group>";
		};
		2DDDD723204F262700DAA266 = {
			isa = PBXGroup;
			children = (
				2D478D16204F2B670059A57C /* TPPhotoEditor.xcodeproj */,
				2DDDD72E204F262700DAA266 /* TPPhotoEditorExample */,
				2DDDD72D204F262700DAA266 /* Products */,
			);
			sourceTree = "<group>";
		};
		2DDDD72D204F262700DAA266 /* Products */ = {
			isa = PBXGroup;
			children = (
				2DDDD72C204F262700DAA266 /* TPPhotoEditorExample.app */,
			);
			name = Products;
			sourceTree = "<group>";
		};
		2DDDD72E204F262700DAA266 /* TPPhotoEditorExample */ = {
			isa = PBXGroup;
			children = (
				2DDDD72F204F262700DAA266 /* AppDelegate.swift */,
				2DDDD731204F262700DAA266 /* ViewController.swift */,
				2DDDD733204F262700DAA266 /* Main.storyboard */,
				2DDDD736204F262700DAA266 /* Assets.xcassets */,
				2DDDD738204F262700DAA266 /* LaunchScreen.storyboard */,
				2DDDD73B204F262700DAA266 /* Info.plist */,
			);
			path = TPPhotoEditorExample;
			sourceTree = "<group>";
		};
/* End PBXGroup section */

/* Begin PBXNativeTarget section */
		2DDDD72B204F262700DAA266 /* TPPhotoEditorExample */ = {
			isa = PBXNativeTarget;
			buildConfigurationList = 2DDDD73E204F262700DAA266 /* Build configuration list for PBXNativeTarget "TPPhotoEditorExample" */;
			buildPhases = (
				2DDDD728204F262700DAA266 /* Sources */,
				2DDDD729204F262700DAA266 /* Frameworks */,
				2DDDD72A204F262700DAA266 /* Resources */,
				2D478D20204F2B780059A57C /* Embed Frameworks */,
			);
			buildRules = (
			);
			dependencies = (
				2D478D1F204F2B780059A57C /* PBXTargetDependency */,
			);
			name = TPPhotoEditorExample;
			productName = TPPhotoEditorExample;
			productReference = 2DDDD72C204F262700DAA266 /* TPPhotoEditorExample.app */;
			productType = "com.apple.product-type.application";
		};
/* End PBXNativeTarget section */

/* Begin PBXProject section */
		2DDDD724204F262700DAA266 /* Project object */ = {
			isa = PBXProject;
			attributes = {
				LastSwiftUpdateCheck = 0920;
				LastUpgradeCheck = 0920;
				ORGANIZATIONNAME = "Tomasz Pieczykolan";
				TargetAttributes = {
					2DDDD72B204F262700DAA266 = {
						CreatedOnToolsVersion = 9.2;
						ProvisioningStyle = Automatic;
					};
				};
			};
			buildConfigurationList = 2DDDD727204F262700DAA266 /* Build configuration list for PBXProject "TPPhotoEditorExample" */;
			compatibilityVersion = "Xcode 8.0";
			developmentRegion = en;
			hasScannedForEncodings = 0;
			knownRegions = (
				en,
				Base,
			);
			mainGroup = 2DDDD723204F262700DAA266;
			productRefGroup = 2DDDD72D204F262700DAA266 /* Products */;
			projectDirPath = "";
			projectReferences = (
				{
					ProductGroup = 2D478D17204F2B670059A57C /* Products */;
					ProjectRef = 2D478D16204F2B670059A57C /* TPPhotoEditor.xcodeproj */;
				},
			);
			projectRoot = "";
			targets = (
				2DDDD72B204F262700DAA266 /* TPPhotoEditorExample */,
			);
		};
/* End PBXProject section */

/* Begin PBXReferenceProxy section */
		2D478D1B204F2B670059A57C /* TPPhotoEditor.framework */ = {
			isa = PBXReferenceProxy;
			fileType = wrapper.framework;
			path = TPPhotoEditor.framework;
			remoteRef = 2D478D1A204F2B670059A57C /* PBXContainerItemProxy */;
			sourceTree = BUILT_PRODUCTS_DIR;
		};
/* End PBXReferenceProxy section */

/* Begin PBXResourcesBuildPhase section */
		2DDDD72A204F262700DAA266 /* Resources */ = {
			isa = PBXResourcesBuildPhase;
			buildActionMask = 2147483647;
			files = (
				2DDDD73A204F262700DAA266 /* LaunchScreen.storyboard in Resources */,
				2DDDD737204F262700DAA266 /* Assets.xcassets in Resources */,
				2DDDD735204F262700DAA266 /* Main.storyboard in Resources */,
			);
			runOnlyForDeploymentPostprocessing = 0;
		};
/* End PBXResourcesBuildPhase section */

/* Begin PBXSourcesBuildPhase section */
		2DDDD728204F262700DAA266 /* Sources */ = {
			isa = PBXSourcesBuildPhase;
			buildActionMask = 2147483647;
			files = (
				2DDDD732204F262700DAA266 /* ViewController.swift in Sources */,
				2DDDD730204F262700DAA266 /* AppDelegate.swift in Sources */,
			);
			runOnlyForDeploymentPostprocessing = 0;
		};
/* End PBXSourcesBuildPhase section */

/* Begin PBXTargetDependency section */
		2D478D1F204F2B780059A57C /* PBXTargetDependency */ = {
			isa = PBXTargetDependency;
			name = TPPhotoEditor;
			targetProxy = 2D478D1E204F2B780059A57C /* PBXContainerItemProxy */;
		};
/* End PBXTargetDependency section */

/* Begin PBXVariantGroup section */
		2DDDD733204F262700DAA266 /* Main.storyboard */ = {
			isa = PBXVariantGroup;
			children = (
				2DDDD734204F262700DAA266 /* Base */,
			);
			name = Main.storyboard;
			sourceTree = "<group>";
		};
		2DDDD738204F262700DAA266 /* LaunchScreen.storyboard */ = {
			isa = PBXVariantGroup;
			children = (
				2DDDD739204F262700DAA266 /* Base */,
			);
			name = LaunchScreen.storyboard;
			sourceTree = "<group>";
		};
/* End PBXVariantGroup section */

/* Begin XCBuildConfiguration section */
		2DDDD73C204F262700DAA266 /* Debug */ = {
			isa = XCBuildConfiguration;
			buildSettings = {
				ALWAYS_SEARCH_USER_PATHS = NO;
				CLANG_ANALYZER_NONNULL = YES;
				CLANG_ANALYZER_NUMBER_OBJECT_CONVERSION = YES_AGGRESSIVE;
				CLANG_CXX_LANGUAGE_STANDARD = "gnu++14";
				CLANG_CXX_LIBRARY = "libc++";
				CLANG_ENABLE_MODULES = YES;
				CLANG_ENABLE_OBJC_ARC = YES;
				CLANG_WARN_BLOCK_CAPTURE_AUTORELEASING = YES;
				CLANG_WARN_BOOL_CONVERSION = YES;
				CLANG_WARN_COMMA = YES;
				CLANG_WARN_CONSTANT_CONVERSION = YES;
				CLANG_WARN_DIRECT_OBJC_ISA_USAGE = YES_ERROR;
				CLANG_WARN_DOCUMENTATION_COMMENTS = YES;
				CLANG_WARN_EMPTY_BODY = YES;
				CLANG_WARN_ENUM_CONVERSION = YES;
				CLANG_WARN_INFINITE_RECURSION = YES;
				CLANG_WARN_INT_CONVERSION = YES;
				CLANG_WARN_NON_LITERAL_NULL_CONVERSION = YES;
				CLANG_WARN_OBJC_LITERAL_CONVERSION = YES;
				CLANG_WARN_OBJC_ROOT_CLASS = YES_ERROR;
				CLANG_WARN_RANGE_LOOP_ANALYSIS = YES;
				CLANG_WARN_STRICT_PROTOTYPES = YES;
				CLANG_WARN_SUSPICIOUS_MOVE = YES;
				CLANG_WARN_UNGUARDED_AVAILABILITY = YES_AGGRESSIVE;
				CLANG_WARN_UNREACHABLE_CODE = YES;
				CLANG_WARN__DUPLICATE_METHOD_MATCH = YES;
				CODE_SIGN_IDENTITY = "iPhone Developer";
				COPY_PHASE_STRIP = NO;
				DEBUG_INFORMATION_FORMAT = dwarf;
				ENABLE_STRICT_OBJC_MSGSEND = YES;
				ENABLE_TESTABILITY = YES;
				GCC_C_LANGUAGE_STANDARD = gnu11;
				GCC_DYNAMIC_NO_PIC = NO;
				GCC_NO_COMMON_BLOCKS = YES;
				GCC_OPTIMIZATION_LEVEL = 0;
				GCC_PREPROCESSOR_DEFINITIONS = (
					"DEBUG=1",
					"$(inherited)",
				);
				GCC_WARN_64_TO_32_BIT_CONVERSION = YES;
				GCC_WARN_ABOUT_RETURN_TYPE = YES_ERROR;
				GCC_WARN_UNDECLARED_SELECTOR = YES;
				GCC_WARN_UNINITIALIZED_AUTOS = YES_AGGRESSIVE;
				GCC_WARN_UNUSED_FUNCTION = YES;
				GCC_WARN_UNUSED_VARIABLE = YES;
				IPHONEOS_DEPLOYMENT_TARGET = 9.0;
				MTL_ENABLE_DEBUG_INFO = YES;
				ONLY_ACTIVE_ARCH = YES;
				SDKROOT = iphoneos;
				SWIFT_ACTIVE_COMPILATION_CONDITIONS = DEBUG;
				SWIFT_OPTIMIZATION_LEVEL = "-Onone";
			};
			name = Debug;
		};
		2DDDD73D204F262700DAA266 /* Release */ = {
			isa = XCBuildConfiguration;
			buildSettings = {
				ALWAYS_SEARCH_USER_PATHS = NO;
				CLANG_ANALYZER_NONNULL = YES;
				CLANG_ANALYZER_NUMBER_OBJECT_CONVERSION = YES_AGGRESSIVE;
				CLANG_CXX_LANGUAGE_STANDARD = "gnu++14";
				CLANG_CXX_LIBRARY = "libc++";
				CLANG_ENABLE_MODULES = YES;
				CLANG_ENABLE_OBJC_ARC = YES;
				CLANG_WARN_BLOCK_CAPTURE_AUTORELEASING = YES;
				CLANG_WARN_BOOL_CONVERSION = YES;
				CLANG_WARN_COMMA = YES;
				CLANG_WARN_CONSTANT_CONVERSION = YES;
				CLANG_WARN_DIRECT_OBJC_ISA_USAGE = YES_ERROR;
				CLANG_WARN_DOCUMENTATION_COMMENTS = YES;
				CLANG_WARN_EMPTY_BODY = YES;
				CLANG_WARN_ENUM_CONVERSION = YES;
				CLANG_WARN_INFINITE_RECURSION = YES;
				CLANG_WARN_INT_CONVERSION = YES;
				CLANG_WARN_NON_LITERAL_NULL_CONVERSION = YES;
				CLANG_WARN_OBJC_LITERAL_CONVERSION = YES;
				CLANG_WARN_OBJC_ROOT_CLASS = YES_ERROR;
				CLANG_WARN_RANGE_LOOP_ANALYSIS = YES;
				CLANG_WARN_STRICT_PROTOTYPES = YES;
				CLANG_WARN_SUSPICIOUS_MOVE = YES;
				CLANG_WARN_UNGUARDED_AVAILABILITY = YES_AGGRESSIVE;
				CLANG_WARN_UNREACHABLE_CODE = YES;
				CLANG_WARN__DUPLICATE_METHOD_MATCH = YES;
				CODE_SIGN_IDENTITY = "iPhone Developer";
				COPY_PHASE_STRIP = NO;
				DEBUG_INFORMATION_FORMAT = "dwarf-with-dsym";
				ENABLE_NS_ASSERTIONS = NO;
				ENABLE_STRICT_OBJC_MSGSEND = YES;
				GCC_C_LANGUAGE_STANDARD = gnu11;
				GCC_NO_COMMON_BLOCKS = YES;
				GCC_WARN_64_TO_32_BIT_CONVERSION = YES;
				GCC_WARN_ABOUT_RETURN_TYPE = YES_ERROR;
				GCC_WARN_UNDECLARED_SELECTOR = YES;
				GCC_WARN_UNINITIALIZED_AUTOS = YES_AGGRESSIVE;
				GCC_WARN_UNUSED_FUNCTION = YES;
				GCC_WARN_UNUSED_VARIABLE = YES;
				IPHONEOS_DEPLOYMENT_TARGET = 9.0;
				MTL_ENABLE_DEBUG_INFO = NO;
				SDKROOT = iphoneos;
				SWIFT_OPTIMIZATION_LEVEL = "-Owholemodule";
				VALIDATE_PRODUCT = YES;
			};
			name = Release;
		};
		2DDDD73F204F262700DAA266 /* Debug */ = {
			isa = XCBuildConfiguration;
			buildSettings = {
				ASSETCATALOG_COMPILER_APPICON_NAME = AppIcon;
				CODE_SIGN_STYLE = Automatic;
				DEVELOPMENT_TEAM = 87M528HN2U;
				INFOPLIST_FILE = TPPhotoEditorExample/Info.plist;
				LD_RUNPATH_SEARCH_PATHS = "$(inherited) @executable_path/Frameworks";
				PRODUCT_BUNDLE_IDENTIFIER = com.tomaszpieczykolan.TPPhotoEditorExample;
				PRODUCT_NAME = "$(TARGET_NAME)";
				SWIFT_VERSION = 4.0;
				TARGETED_DEVICE_FAMILY = "1,2";
			};
			name = Debug;
		};
		2DDDD740204F262700DAA266 /* Release */ = {
			isa = XCBuildConfiguration;
			buildSettings = {
				ASSETCATALOG_COMPILER_APPICON_NAME = AppIcon;
				CODE_SIGN_STYLE = Automatic;
				DEVELOPMENT_TEAM = 87M528HN2U;
				INFOPLIST_FILE = TPPhotoEditorExample/Info.plist;
				LD_RUNPATH_SEARCH_PATHS = "$(inherited) @executable_path/Frameworks";
				PRODUCT_BUNDLE_IDENTIFIER = com.tomaszpieczykolan.TPPhotoEditorExample;
				PRODUCT_NAME = "$(TARGET_NAME)";
				SWIFT_VERSION = 4.0;
				TARGETED_DEVICE_FAMILY = "1,2";
			};
			name = Release;
		};
/* End XCBuildConfiguration section */

/* Begin XCConfigurationList section */
		2DDDD727204F262700DAA266 /* Build configuration list for PBXProject "TPPhotoEditorExample" */ = {
			isa = XCConfigurationList;
			buildConfigurations = (
				2DDDD73C204F262700DAA266 /* Debug */,
				2DDDD73D204F262700DAA266 /* Release */,
			);
			defaultConfigurationIsVisible = 0;
			defaultConfigurationName = Release;
		};
		2DDDD73E204F262700DAA266 /* Build configuration list for PBXNativeTarget "TPPhotoEditorExample" */ = {
			isa = XCConfigurationList;
			buildConfigurations = (
				2DDDD73F204F262700DAA266 /* Debug */,
				2DDDD740204F262700DAA266 /* Release */,
			);
			defaultConfigurationIsVisible = 0;
			defaultConfigurationName = Release;
		};
/* End XCConfigurationList section */
	};
	rootObject = 2DDDD724204F262700DAA266 /* Project object */;
}
